
Microsoft Visual Studio Solution File, Format Version 12.00
# Visual Studio Version 17
VisualStudioVersion = 17.14.36301.6 d17.14
MinimumVisualStudioVersion = 10.0.40219.1
Project("{FAE04EC0-301F-11D3-BF4B-00C04F79EFBC}") = "task", "task\task.csproj", "{CE1A21F9-D2DE-4E2C-9031-65528B049F38}"
EndProject
Global
	GlobalSection(SolutionConfigurationPlatforms) = preSolution
		Debug|Any CPU = Debug|Any CPU
		Release|Any CPU = Release|Any CPU
	EndGlobalSection
	GlobalSection(ProjectConfigurationPlatforms) = postSolution
		{CE1A21F9-D2DE-4E2C-9031-65528B049F38}.Debug|Any CPU.ActiveCfg = Debug|Any CPU
		{CE1A21F9-D2DE-4E2C-9031-65528B049F38}.Debug|Any CPU.Build.0 = Debug|Any CPU
		{CE1A21F9-D2DE-4E2C-9031-65528B049F38}.Release|Any CPU.ActiveCfg = Release|Any CPU
		{CE1A21F9-D2DE-4E2C-9031-65528B049F38}.Release|Any CPU.Build.0 = Release|Any CPU
	EndGlobalSection
	GlobalSection(SolutionProperties) = preSolution
		HideSolutionNode = FALSE
	EndGlobalSection
	GlobalSection(ExtensibilityGlobals) = postSolution
		SolutionGuid = {A6928AE4-F1DD-4672-B37C-76C9EAEAC257}
	EndGlobalSection
EndGlobal
